
Microsoft Visual Studio Solution File, Format Version 12.00
# Visual Studio Version 17
VisualStudioVersion = 17.6.33829.357
MinimumVisualStudioVersion = 10.0.40219.1
Project("{FAE04EC0-301F-11D3-BF4B-00C04F79EFBC}") = "udemy-project", "..\udemy-project\udemy-project.csproj", "{B97600A8-F4B1-4DF5-83C5-FA881B99B802}"
EndProject
Project("{FAE04EC0-301F-11D3-BF4B-00C04F79EFBC}") = "my-books1", "..\my-books1\my-books1.csproj", "{A721BE4E-62ED-4EBD-B61D-6135DB7293E4}"
EndProject
Global
	GlobalSection(SolutionConfigurationPlatforms) = preSolution
		Debug|Any CPU = Debug|Any CPU
		Release|Any CPU = Release|Any CPU
	EndGlobalSection
	GlobalSection(ProjectConfigurationPlatforms) = postSolution
		{B97600A8-F4B1-4DF5-83C5-FA881B99B802}.Debug|Any CPU.ActiveCfg = Debug|Any CPU
		{B97600A8-F4B1-4DF5-83C5-FA881B99B802}.Debug|Any CPU.Build.0 = Debug|Any CPU
		{B97600A8-F4B1-4DF5-83C5-FA881B99B802}.Release|Any CPU.ActiveCfg = Release|Any CPU
		{B97600A8-F4B1-4DF5-83C5-FA881B99B802}.Release|Any CPU.Build.0 = Release|Any CPU
		{A721BE4E-62ED-4EBD-B61D-6135DB7293E4}.Debug|Any CPU.ActiveCfg = Debug|Any CPU
		{A721BE4E-62ED-4EBD-B61D-6135DB7293E4}.Debug|Any CPU.Build.0 = Debug|Any CPU
		{A721BE4E-62ED-4EBD-B61D-6135DB7293E4}.Release|Any CPU.ActiveCfg = Release|Any CPU
		{A721BE4E-62ED-4EBD-B61D-6135DB7293E4}.Release|Any CPU.Build.0 = Release|Any CPU
	EndGlobalSection
	GlobalSection(SolutionProperties) = preSolution
		HideSolutionNode = FALSE
	EndGlobalSection
	GlobalSection(ExtensibilityGlobals) = postSolution
		SolutionGuid = {2DAFD3A1-5667-4CA7-8E73-C678E8AAA279}
	EndGlobalSection
EndGlobal
